// !$*UTF8*$!
{
	archiveVersion = 1;
	classes = {
	};
	objectVersion = 50;
	objects = {

/* Begin PBXBuildFile section */
		3791590C257C0EA0002E6A35 /* AppDelegate.swift in Sources */ = {isa = PBXBuildFile; fileRef = 3791590B257C0EA0002E6A35 /* AppDelegate.swift */; };
		3791590E257C0EA0002E6A35 /* SceneDelegate.swift in Sources */ = {isa = PBXBuildFile; fileRef = 3791590D257C0EA0002E6A35 /* SceneDelegate.swift */; };
		37915913257C0EA0002E6A35 /* Main.storyboard in Resources */ = {isa = PBXBuildFile; fileRef = 37915911257C0EA0002E6A35 /* Main.storyboard */; };
		37915915257C0EA3002E6A35 /* Assets.xcassets in Resources */ = {isa = PBXBuildFile; fileRef = 37915914257C0EA3002E6A35 /* Assets.xcassets */; };
		37915918257C0EA3002E6A35 /* LaunchScreen.storyboard in Resources */ = {isa = PBXBuildFile; fileRef = 37915916257C0EA3002E6A35 /* LaunchScreen.storyboard */; };
		3791592B257C10CD002E6A35 /* Constants.swift in Sources */ = {isa = PBXBuildFile; fileRef = 3791592A257C10CD002E6A35 /* Constants.swift */; };
		3791592F257C116D002E6A35 /* RepoCell.swift in Sources */ = {isa = PBXBuildFile; fileRef = 3791592E257C116D002E6A35 /* RepoCell.swift */; };
		37915932257C1345002E6A35 /* Color.swift in Sources */ = {isa = PBXBuildFile; fileRef = 37915931257C1345002E6A35 /* Color.swift */; };
		37915936257C13D2002E6A35 /* ListView.swift in Sources */ = {isa = PBXBuildFile; fileRef = 37915935257C13D2002E6A35 /* ListView.swift */; };
		37915940257C1727002E6A35 /* Repo.swift in Sources */ = {isa = PBXBuildFile; fileRef = 3791593F257C1727002E6A35 /* Repo.swift */; };
		37915944257C178A002E6A35 /* RepoResponse.swift in Sources */ = {isa = PBXBuildFile; fileRef = 37915943257C178A002E6A35 /* RepoResponse.swift */; };
		37915948257C19E3002E6A35 /* ListVC.swift in Sources */ = {isa = PBXBuildFile; fileRef = 37915947257C19E3002E6A35 /* ListVC.swift */; };
		3791594C257C1C5E002E6A35 /* RequestService.swift in Sources */ = {isa = PBXBuildFile; fileRef = 3791594B257C1C5E002E6A35 /* RequestService.swift */; };
		37915950257C1CAB002E6A35 /* OBRequestService.swift in Sources */ = {isa = PBXBuildFile; fileRef = 3791594F257C1CAB002E6A35 /* OBRequestService.swift */; };
		37915958257C22AA002E6A35 /* DependencyInjection.swift in Sources */ = {isa = PBXBuildFile; fileRef = 37915957257C22AA002E6A35 /* DependencyInjection.swift */; };
/* End PBXBuildFile section */

/* Begin PBXFileReference section */
		37915908257C0EA0002E6A35 /* Obrio_Test.app */ = {isa = PBXFileReference; explicitFileType = wrapper.application; includeInIndex = 0; path = Obrio_Test.app; sourceTree = BUILT_PRODUCTS_DIR; };
		3791590B257C0EA0002E6A35 /* AppDelegate.swift */ = {isa = PBXFileReference; lastKnownFileType = sourcecode.swift; path = AppDelegate.swift; sourceTree = "<group>"; };
		3791590D257C0EA0002E6A35 /* SceneDelegate.swift */ = {isa = PBXFileReference; lastKnownFileType = sourcecode.swift; path = SceneDelegate.swift; sourceTree = "<group>"; };
		37915912257C0EA0002E6A35 /* Base */ = {isa = PBXFileReference; lastKnownFileType = file.storyboard; name = Base; path = Base.lproj/Main.storyboard; sourceTree = "<group>"; };
		37915914257C0EA3002E6A35 /* Assets.xcassets */ = {isa = PBXFileReference; lastKnownFileType = folder.assetcatalog; path = Assets.xcassets; sourceTree = "<group>"; };
		37915917257C0EA3002E6A35 /* Base */ = {isa = PBXFileReference; lastKnownFileType = file.storyboard; name = Base; path = Base.lproj/LaunchScreen.storyboard; sourceTree = "<group>"; };
		37915919257C0EA3002E6A35 /* Info.plist */ = {isa = PBXFileReference; lastKnownFileType = text.plist.xml; path = Info.plist; sourceTree = "<group>"; };
		3791592A257C10CD002E6A35 /* Constants.swift */ = {isa = PBXFileReference; lastKnownFileType = sourcecode.swift; path = Constants.swift; sourceTree = "<group>"; };
		3791592E257C116D002E6A35 /* RepoCell.swift */ = {isa = PBXFileReference; lastKnownFileType = sourcecode.swift; path = RepoCell.swift; sourceTree = "<group>"; };
		37915931257C1345002E6A35 /* Color.swift */ = {isa = PBXFileReference; lastKnownFileType = sourcecode.swift; path = Color.swift; sourceTree = "<group>"; };
		37915935257C13D2002E6A35 /* ListView.swift */ = {isa = PBXFileReference; lastKnownFileType = sourcecode.swift; path = ListView.swift; sourceTree = "<group>"; };
		3791593F257C1727002E6A35 /* Repo.swift */ = {isa = PBXFileReference; lastKnownFileType = sourcecode.swift; path = Repo.swift; sourceTree = "<group>"; };
		37915943257C178A002E6A35 /* RepoResponse.swift */ = {isa = PBXFileReference; lastKnownFileType = sourcecode.swift; path = RepoResponse.swift; sourceTree = "<group>"; };
		37915947257C19E3002E6A35 /* ListVC.swift */ = {isa = PBXFileReference; lastKnownFileType = sourcecode.swift; path = ListVC.swift; sourceTree = "<group>"; };
		3791594B257C1C5E002E6A35 /* RequestService.swift */ = {isa = PBXFileReference; lastKnownFileType = sourcecode.swift; path = RequestService.swift; sourceTree = "<group>"; };
		3791594F257C1CAB002E6A35 /* OBRequestService.swift */ = {isa = PBXFileReference; lastKnownFileType = sourcecode.swift; path = OBRequestService.swift; sourceTree = "<group>"; };
		37915957257C22AA002E6A35 /* DependencyInjection.swift */ = {isa = PBXFileReference; lastKnownFileType = sourcecode.swift; path = DependencyInjection.swift; sourceTree = "<group>"; };
/* End PBXFileReference section */

/* Begin PBXFrameworksBuildPhase section */
		37915905257C0EA0002E6A35 /* Frameworks */ = {
			isa = PBXFrameworksBuildPhase;
			buildActionMask = 2147483647;
			files = (
			);
			runOnlyForDeploymentPostprocessing = 0;
		};
/* End PBXFrameworksBuildPhase section */

/* Begin PBXGroup section */
		379158FF257C0EA0002E6A35 = {
			isa = PBXGroup;
			children = (
				3791590A257C0EA0002E6A35 /* Obrio_Test */,
				37915909257C0EA0002E6A35 /* Products */,
			);
			sourceTree = "<group>";
		};
		37915909257C0EA0002E6A35 /* Products */ = {
			isa = PBXGroup;
			children = (
				37915908257C0EA0002E6A35 /* Obrio_Test.app */,
			);
			name = Products;
			sourceTree = "<group>";
		};
		3791590A257C0EA0002E6A35 /* Obrio_Test */ = {
			isa = PBXGroup;
			children = (
				37915921257C100F002E6A35 /* AppDelegate */,
				37915922257C101A002E6A35 /* Model */,
				37915923257C101D002E6A35 /* View */,
				37915924257C1020002E6A35 /* Controller */,
				37915926257C102B002E6A35 /* Storyboards */,
				37915928257C104B002E6A35 /* Resources */,
				37915927257C1030002E6A35 /* Services */,
				37915925257C1024002E6A35 /* Supporting Files */,
				37915919257C0EA3002E6A35 /* Info.plist */,
			);
			path = Obrio_Test;
			sourceTree = "<group>";
		};
		37915921257C100F002E6A35 /* AppDelegate */ = {
			isa = PBXGroup;
			children = (
				3791590B257C0EA0002E6A35 /* AppDelegate.swift */,
				3791590D257C0EA0002E6A35 /* SceneDelegate.swift */,
			);
			path = AppDelegate;
			sourceTree = "<group>";
		};
		37915922257C101A002E6A35 /* Model */ = {
			isa = PBXGroup;
			children = (
				37915942257C177E002E6A35 /* Repo */,
			);
			path = Model;
			sourceTree = "<group>";
		};
		37915923257C101D002E6A35 /* View */ = {
			isa = PBXGroup;
			children = (
				37915934257C13B5002E6A35 /* Main View */,
			);
			path = View;
			sourceTree = "<group>";
		};
		37915924257C1020002E6A35 /* Controller */ = {
			isa = PBXGroup;
			children = (
				37915947257C19E3002E6A35 /* ListVC.swift */,
			);
			path = Controller;
			sourceTree = "<group>";
		};
		37915925257C1024002E6A35 /* Supporting Files */ = {
			isa = PBXGroup;
			children = (
				3791592A257C10CD002E6A35 /* Constants.swift */,
				37915957257C22AA002E6A35 /* DependencyInjection.swift */,
			);
			path = "Supporting Files";
			sourceTree = "<group>";
		};
		37915926257C102B002E6A35 /* Storyboards */ = {
			isa = PBXGroup;
			children = (
				37915911257C0EA0002E6A35 /* Main.storyboard */,
				37915916257C0EA3002E6A35 /* LaunchScreen.storyboard */,
			);
			path = Storyboards;
			sourceTree = "<group>";
		};
		37915927257C1030002E6A35 /* Services */ = {
			isa = PBXGroup;
			children = (
				3791594A257C1C4C002E6A35 /* RequestService */,
			);
			path = Services;
			sourceTree = "<group>";
		};
		37915928257C104B002E6A35 /* Resources */ = {
			isa = PBXGroup;
			children = (
				37915914257C0EA3002E6A35 /* Assets.xcassets */,
				37915931257C1345002E6A35 /* Color.swift */,
			);
			path = Resources;
			sourceTree = "<group>";
		};
		37915934257C13B5002E6A35 /* Main View */ = {
			isa = PBXGroup;
			children = (
				3791592E257C116D002E6A35 /* RepoCell.swift */,
				37915935257C13D2002E6A35 /* ListView.swift */,
			);
			path = "Main View";
			sourceTree = "<group>";
		};
		37915942257C177E002E6A35 /* Repo */ = {
			isa = PBXGroup;
			children = (
				3791593F257C1727002E6A35 /* Repo.swift */,
				37915943257C178A002E6A35 /* RepoResponse.swift */,
			);
			path = Repo;
			sourceTree = "<group>";
		};
		3791594A257C1C4C002E6A35 /* RequestService */ = {
			isa = PBXGroup;
			children = (
				3791594B257C1C5E002E6A35 /* RequestService.swift */,
				3791594F257C1CAB002E6A35 /* OBRequestService.swift */,
			);
			path = RequestService;
			sourceTree = "<group>";
		};
/* End PBXGroup section */

/* Begin PBXNativeTarget section */
		37915907257C0EA0002E6A35 /* Obrio_Test */ = {
			isa = PBXNativeTarget;
			buildConfigurationList = 3791591C257C0EA3002E6A35 /* Build configuration list for PBXNativeTarget "Obrio_Test" */;
			buildPhases = (
				37915904257C0EA0002E6A35 /* Sources */,
				37915905257C0EA0002E6A35 /* Frameworks */,
				37915906257C0EA0002E6A35 /* Resources */,
			);
			buildRules = (
			);
			dependencies = (
			);
			name = Obrio_Test;
			productName = Obrio_Test;
			productReference = 37915908257C0EA0002E6A35 /* Obrio_Test.app */;
			productType = "com.apple.product-type.application";
		};
/* End PBXNativeTarget section */

/* Begin PBXProject section */
		37915900257C0EA0002E6A35 /* Project object */ = {
			isa = PBXProject;
			attributes = {
				LastSwiftUpdateCheck = 1220;
				LastUpgradeCheck = 1220;
				TargetAttributes = {
					37915907257C0EA0002E6A35 = {
						CreatedOnToolsVersion = 12.2;
					};
				};
			};
			buildConfigurationList = 37915903257C0EA0002E6A35 /* Build configuration list for PBXProject "Obrio_Test" */;
			compatibilityVersion = "Xcode 9.3";
			developmentRegion = en;
			hasScannedForEncodings = 0;
			knownRegions = (
				en,
				Base,
			);
			mainGroup = 379158FF257C0EA0002E6A35;
			productRefGroup = 37915909257C0EA0002E6A35 /* Products */;
			projectDirPath = "";
			projectRoot = "";
			targets = (
				37915907257C0EA0002E6A35 /* Obrio_Test */,
			);
		};
/* End PBXProject section */

/* Begin PBXResourcesBuildPhase section */
		37915906257C0EA0002E6A35 /* Resources */ = {
			isa = PBXResourcesBuildPhase;
			buildActionMask = 2147483647;
			files = (
				37915918257C0EA3002E6A35 /* LaunchScreen.storyboard in Resources */,
				37915915257C0EA3002E6A35 /* Assets.xcassets in Resources */,
				37915913257C0EA0002E6A35 /* Main.storyboard in Resources */,
			);
			runOnlyForDeploymentPostprocessing = 0;
		};
/* End PBXResourcesBuildPhase section */

/* Begin PBXSourcesBuildPhase section */
		37915904257C0EA0002E6A35 /* Sources */ = {
			isa = PBXSourcesBuildPhase;
			buildActionMask = 2147483647;
			files = (
				37915940257C1727002E6A35 /* Repo.swift in Sources */,
				37915958257C22AA002E6A35 /* DependencyInjection.swift in Sources */,
				3791590C257C0EA0002E6A35 /* AppDelegate.swift in Sources */,
				37915944257C178A002E6A35 /* RepoResponse.swift in Sources */,
				37915948257C19E3002E6A35 /* ListVC.swift in Sources */,
				3791590E257C0EA0002E6A35 /* SceneDelegate.swift in Sources */,
				37915936257C13D2002E6A35 /* ListView.swift in Sources */,
				3791592B257C10CD002E6A35 /* Constants.swift in Sources */,
				3791594C257C1C5E002E6A35 /* RequestService.swift in Sources */,
				37915932257C1345002E6A35 /* Color.swift in Sources */,
				37915950257C1CAB002E6A35 /* OBRequestService.swift in Sources */,
				3791592F257C116D002E6A35 /* RepoCell.swift in Sources */,
			);
			runOnlyForDeploymentPostprocessing = 0;
		};
/* End PBXSourcesBuildPhase section */

/* Begin PBXVariantGroup section */
		37915911257C0EA0002E6A35 /* Main.storyboard */ = {
			isa = PBXVariantGroup;
			children = (
				37915912257C0EA0002E6A35 /* Base */,
			);
			name = Main.storyboard;
			sourceTree = "<group>";
		};
		37915916257C0EA3002E6A35 /* LaunchScreen.storyboard */ = {
			isa = PBXVariantGroup;
			children = (
				37915917257C0EA3002E6A35 /* Base */,
			);
			name = LaunchScreen.storyboard;
			sourceTree = "<group>";
		};
/* End PBXVariantGroup section */

/* Begin XCBuildConfiguration section */
		3791591A257C0EA3002E6A35 /* Debug */ = {
			isa = XCBuildConfiguration;
			buildSettings = {
				ALWAYS_SEARCH_USER_PATHS = NO;
				CLANG_ANALYZER_NONNULL = YES;
				CLANG_ANALYZER_NUMBER_OBJECT_CONVERSION = YES_AGGRESSIVE;
				CLANG_CXX_LANGUAGE_STANDARD = "gnu++14";
				CLANG_CXX_LIBRARY = "libc++";
				CLANG_ENABLE_MODULES = YES;
				CLANG_ENABLE_OBJC_ARC = YES;
				CLANG_ENABLE_OBJC_WEAK = YES;
				CLANG_WARN_BLOCK_CAPTURE_AUTORELEASING = YES;
				CLANG_WARN_BOOL_CONVERSION = YES;
				CLANG_WARN_COMMA = YES;
				CLANG_WARN_CONSTANT_CONVERSION = YES;
				CLANG_WARN_DEPRECATED_OBJC_IMPLEMENTATIONS = YES;
				CLANG_WARN_DIRECT_OBJC_ISA_USAGE = YES_ERROR;
				CLANG_WARN_DOCUMENTATION_COMMENTS = YES;
				CLANG_WARN_EMPTY_BODY = YES;
				CLANG_WARN_ENUM_CONVERSION = YES;
				CLANG_WARN_INFINITE_RECURSION = YES;
				CLANG_WARN_INT_CONVERSION = YES;
				CLANG_WARN_NON_LITERAL_NULL_CONVERSION = YES;
				CLANG_WARN_OBJC_IMPLICIT_RETAIN_SELF = YES;
				CLANG_WARN_OBJC_LITERAL_CONVERSION = YES;
				CLANG_WARN_OBJC_ROOT_CLASS = YES_ERROR;
				CLANG_WARN_QUOTED_INCLUDE_IN_FRAMEWORK_HEADER = YES;
				CLANG_WARN_RANGE_LOOP_ANALYSIS = YES;
				CLANG_WARN_STRICT_PROTOTYPES = YES;
				CLANG_WARN_SUSPICIOUS_MOVE = YES;
				CLANG_WARN_UNGUARDED_AVAILABILITY = YES_AGGRESSIVE;
				CLANG_WARN_UNREACHABLE_CODE = YES;
				CLANG_WARN__DUPLICATE_METHOD_MATCH = YES;
				COPY_PHASE_STRIP = NO;
				DEBUG_INFORMATION_FORMAT = dwarf;
				ENABLE_STRICT_OBJC_MSGSEND = YES;
				ENABLE_TESTABILITY = YES;
				GCC_C_LANGUAGE_STANDARD = gnu11;
				GCC_DYNAMIC_NO_PIC = NO;
				GCC_NO_COMMON_BLOCKS = YES;
				GCC_OPTIMIZATION_LEVEL = 0;
				GCC_PREPROCESSOR_DEFINITIONS = (
					"DEBUG=1",
					"$(inherited)",
				);
				GCC_WARN_64_TO_32_BIT_CONVERSION = YES;
				GCC_WARN_ABOUT_RETURN_TYPE = YES_ERROR;
				GCC_WARN_UNDECLARED_SELECTOR = YES;
				GCC_WARN_UNINITIALIZED_AUTOS = YES_AGGRESSIVE;
				GCC_WARN_UNUSED_FUNCTION = YES;
				GCC_WARN_UNUSED_VARIABLE = YES;
				IPHONEOS_DEPLOYMENT_TARGET = 14.2;
				MTL_ENABLE_DEBUG_INFO = INCLUDE_SOURCE;
				MTL_FAST_MATH = YES;
				ONLY_ACTIVE_ARCH = YES;
				SDKROOT = iphoneos;
				SWIFT_ACTIVE_COMPILATION_CONDITIONS = DEBUG;
				SWIFT_OPTIMIZATION_LEVEL = "-Onone";
			};
			name = Debug;
		};
		3791591B257C0EA3002E6A35 /* Release */ = {
			isa = XCBuildConfiguration;
			buildSettings = {
				ALWAYS_SEARCH_USER_PATHS = NO;
				CLANG_ANALYZER_NONNULL = YES;
				CLANG_ANALYZER_NUMBER_OBJECT_CONVERSION = YES_AGGRESSIVE;
				CLANG_CXX_LANGUAGE_STANDARD = "gnu++14";
				CLANG_CXX_LIBRARY = "libc++";
				CLANG_ENABLE_MODULES = YES;
				CLANG_ENABLE_OBJC_ARC = YES;
				CLANG_ENABLE_OBJC_WEAK = YES;
				CLANG_WARN_BLOCK_CAPTURE_AUTORELEASING = YES;
				CLANG_WARN_BOOL_CONVERSION = YES;
				CLANG_WARN_COMMA = YES;
				CLANG_WARN_CONSTANT_CONVERSION = YES;
				CLANG_WARN_DEPRECATED_OBJC_IMPLEMENTATIONS = YES;
				CLANG_WARN_DIRECT_OBJC_ISA_USAGE = YES_ERROR;
				CLANG_WARN_DOCUMENTATION_COMMENTS = YES;
				CLANG_WARN_EMPTY_BODY = YES;
				CLANG_WARN_ENUM_CONVERSION = YES;
				CLANG_WARN_INFINITE_RECURSION = YES;
				CLANG_WARN_INT_CONVERSION = YES;
				CLANG_WARN_NON_LITERAL_NULL_CONVERSION = YES;
				CLANG_WARN_OBJC_IMPLICIT_RETAIN_SELF = YES;
				CLANG_WARN_OBJC_LITERAL_CONVERSION = YES;
				CLANG_WARN_OBJC_ROOT_CLASS = YES_ERROR;
				CLANG_WARN_QUOTED_INCLUDE_IN_FRAMEWORK_HEADER = YES;
				CLANG_WARN_RANGE_LOOP_ANALYSIS = YES;
				CLANG_WARN_STRICT_PROTOTYPES = YES;
				CLANG_WARN_SUSPICIOUS_MOVE = YES;
				CLANG_WARN_UNGUARDED_AVAILABILITY = YES_AGGRESSIVE;
				CLANG_WARN_UNREACHABLE_CODE = YES;
				CLANG_WARN__DUPLICATE_METHOD_MATCH = YES;
				COPY_PHASE_STRIP = NO;
				DEBUG_INFORMATION_FORMAT = "dwarf-with-dsym";
				ENABLE_NS_ASSERTIONS = NO;
				ENABLE_STRICT_OBJC_MSGSEND = YES;
				GCC_C_LANGUAGE_STANDARD = gnu11;
				GCC_NO_COMMON_BLOCKS = YES;
				GCC_WARN_64_TO_32_BIT_CONVERSION = YES;
				GCC_WARN_ABOUT_RETURN_TYPE = YES_ERROR;
				GCC_WARN_UNDECLARED_SELECTOR = YES;
				GCC_WARN_UNINITIALIZED_AUTOS = YES_AGGRESSIVE;
				GCC_WARN_UNUSED_FUNCTION = YES;
				GCC_WARN_UNUSED_VARIABLE = YES;
				IPHONEOS_DEPLOYMENT_TARGET = 14.2;
				MTL_ENABLE_DEBUG_INFO = NO;
				MTL_FAST_MATH = YES;
				SDKROOT = iphoneos;
				SWIFT_COMPILATION_MODE = wholemodule;
				SWIFT_OPTIMIZATION_LEVEL = "-O";
				VALIDATE_PRODUCT = YES;
			};
			name = Release;
		};
		3791591D257C0EA3002E6A35 /* Debug */ = {
			isa = XCBuildConfiguration;
			buildSettings = {
				ASSETCATALOG_COMPILER_APPICON_NAME = AppIcon;
				ASSETCATALOG_COMPILER_GLOBAL_ACCENT_COLOR_NAME = AccentColor;
				CODE_SIGN_STYLE = Automatic;
				DEVELOPMENT_TEAM = 452BPWXS55;
				INFOPLIST_FILE = Obrio_Test/Info.plist;
				IPHONEOS_DEPLOYMENT_TARGET = 13.0;
				LD_RUNPATH_SEARCH_PATHS = (
					"$(inherited)",
					"@executable_path/Frameworks",
				);
				PRODUCT_BUNDLE_IDENTIFIER = "com.den444ick.Obrio-Test";
				PRODUCT_NAME = "$(TARGET_NAME)";
				SWIFT_VERSION = 5.0;
				TARGETED_DEVICE_FAMILY = 1;
			};
			name = Debug;
		};
		3791591E257C0EA3002E6A35 /* Release */ = {
			isa = XCBuildConfiguration;
			buildSettings = {
				ASSETCATALOG_COMPILER_APPICON_NAME = AppIcon;
				ASSETCATALOG_COMPILER_GLOBAL_ACCENT_COLOR_NAME = AccentColor;
				CODE_SIGN_STYLE = Automatic;
				DEVELOPMENT_TEAM = 452BPWXS55;
				INFOPLIST_FILE = Obrio_Test/Info.plist;
				IPHONEOS_DEPLOYMENT_TARGET = 13.0;
				LD_RUNPATH_SEARCH_PATHS = (
					"$(inherited)",
					"@executable_path/Frameworks",
				);
				PRODUCT_BUNDLE_IDENTIFIER = "com.den444ick.Obrio-Test";
				PRODUCT_NAME = "$(TARGET_NAME)";
				SWIFT_VERSION = 5.0;
				TARGETED_DEVICE_FAMILY = 1;
			};
			name = Release;
		};
/* End XCBuildConfiguration section */

/* Begin XCConfigurationList section */
		37915903257C0EA0002E6A35 /* Build configuration list for PBXProject "Obrio_Test" */ = {
			isa = XCConfigurationList;
			buildConfigurations = (
				3791591A257C0EA3002E6A35 /* Debug */,
				3791591B257C0EA3002E6A35 /* Release */,
			);
			defaultConfigurationIsVisible = 0;
			defaultConfigurationName = Release;
		};
		3791591C257C0EA3002E6A35 /* Build configuration list for PBXNativeTarget "Obrio_Test" */ = {
			isa = XCConfigurationList;
			buildConfigurations = (
				3791591D257C0EA3002E6A35 /* Debug */,
				3791591E257C0EA3002E6A35 /* Release */,
			);
			defaultConfigurationIsVisible = 0;
			defaultConfigurationName = Release;
		};
/* End XCConfigurationList section */
	};
	rootObject = 37915900257C0EA0002E6A35 /* Project object */;
}
